
Microsoft Visual Studio Solution File, Format Version 12.00
# Visual Studio Version 17
VisualStudioVersion = 17.13.35806.99 d17.13
MinimumVisualStudioVersion = 10.0.40219.1
Project("{FAE04EC0-301F-11D3-BF4B-00C04F79EFBC}") = "COSMESTIC", "COSMESTIC.csproj", "{30A42283-32CC-403F-AAFA-9AC12D1756E2}"
EndProject
Global
	GlobalSection(SolutionConfigurationPlatforms) = preSolution
		Debug|Any CPU = Debug|Any CPU
		Release|Any CPU = Release|Any CPU
	EndGlobalSection
	GlobalSection(ProjectConfigurationPlatforms) = postSolution
		{30A42283-32CC-403F-AAFA-9AC12D1756E2}.Debug|Any CPU.ActiveCfg = Debug|Any CPU
		{30A42283-32CC-403F-AAFA-9AC12D1756E2}.Debug|Any CPU.Build.0 = Debug|Any CPU
		{30A42283-32CC-403F-AAFA-9AC12D1756E2}.Release|Any CPU.ActiveCfg = Release|Any CPU
		{30A42283-32CC-403F-AAFA-9AC12D1756E2}.Release|Any CPU.Build.0 = Release|Any CPU
	EndGlobalSection
	GlobalSection(SolutionProperties) = preSolution
		HideSolutionNode = FALSE
	EndGlobalSection
	GlobalSection(ExtensibilityGlobals) = postSolution
		SolutionGuid = {4A16053C-129F-4552-8E85-16DD0867F203}
	EndGlobalSection
EndGlobal
